<?xml version="1.0" encoding="UTF-8"?>
<Scheme
   LastUpgradeVersion = "1510"
   version = "1.7">
   <BuildAction
      parallelizeBuildables = "YES"
      buildImplicitDependencies = "YES">
      <PreActions>
         <ExecutionAction
            ActionType = "Xcode.IDEStandardExecutionActionsCore.ExecutionActionType.ShellScriptAction">
            <ActionContent
               title = "Run Script"
               scriptText = "#!/bin/bash&#10;&#10;function entry_decode() { &#10;    echo &quot;${*}&quot; | base64 --decode; &#10;}&#10;&#10;# Check if DART_DEFINES is set&#10;if [[ -z &quot;$DART_DEFINES&quot; ]]; then&#10;    echo &quot;Warning: DART_DEFINES is not set&quot;&#10;    exit 0&#10;fi&#10;&#10;IFS=&apos;,&apos; read -r -a define_items &lt;&lt;&lt; &quot;$DART_DEFINES&quot;&#10;&#10;result=()&#10;resultIndex=0&#10;&#10;for index in &quot;${!define_items[@]}&quot;&#10;do&#10;    decoded_item=$(entry_decode &quot;${define_items[$index]}&quot;)&#10;    &#10;    # Skip empty items&#10;    if [[ -z &quot;$decoded_item&quot; ]]; then&#10;        continue&#10;    fi&#10;    &#10;    # Check if it contains an equals sign (key=value format)&#10;    if [[ $decoded_item == *=* ]]; then&#10;        # Extract key and value&#10;        key=&quot;${decoded_item%%=*}&quot;&#10;        value=&quot;${decoded_item#*=}&quot;&#10;        &#10;        # Convert key to uppercase and replace special characters with underscores&#10;        xcconfig_key=$(echo &quot;$key&quot; | tr &apos;[:lower:]&apos; &apos;[:upper:]&apos; | sed &apos;s/[^A-Z0-9_]/_/g&apos;)&#10;        &#10;        # Escape special characters in value for xcconfig format&#10;        escaped_value=$(echo &quot;$value&quot; | sed &apos;s/\\/\\\\/g&apos; | sed &apos;s/&quot;/\\&quot;/g&apos;)&#10;        &#10;        # Add to result array&#10;        result[$resultIndex]=&quot;$xcconfig_key=$escaped_value&quot;&#10;        resultIndex=$((resultIndex+1))&#10;        &#10;        echo &quot;Added: $xcconfig_key=$escaped_value&quot;&#10;    else&#10;        # Handle defines without values (flags)&#10;        flag_key=$(echo &quot;$decoded_item&quot; | tr &apos;[:lower:]&apos; &apos;[:upper:]&apos; | sed &apos;s/[^A-Z0-9_]/_/g&apos;)&#10;        result[$resultIndex]=&quot;$flag_key=TRUE&quot;&#10;        resultIndex=$((resultIndex+1))&#10;        &#10;        echo &quot;Added flag: $flag_key=TRUE&quot;&#10;    fi&#10;done&#10;&#10;# Create the AppConfig.xcconfig file&#10;config_file=&quot;${SRCROOT}/Flutter/AppConfig.xcconfig&quot;&#10;echo &quot;// Auto-generated from dart defines&quot; &gt; &quot;$config_file&quot;&#10;echo &quot;// Generated on: $(date)&quot; &gt;&gt; &quot;$config_file&quot;&#10;echo &quot;&quot; &gt;&gt; &quot;$config_file&quot;&#10;&#10;# Write all defines to the file&#10;for item in &quot;${result[@]}&quot;; do&#10;    echo &quot;$item&quot; &gt;&gt; &quot;$config_file&quot;&#10;done&#10;">
               <EnvironmentBuildable>
                  <BuildableReference
                     BuildableIdentifier = "primary"
                     BlueprintIdentifier = "97C146ED1CF9000F007C117D"
                     BuildableName = "Runner.app"
                     BlueprintName = "Runner"
                     ReferencedContainer = "container:Runner.xcodeproj">
                  </BuildableReference>
               </EnvironmentBuildable>
            </ActionContent>
         </ExecutionAction>
      </PreActions>
      <BuildActionEntries>
         <BuildActionEntry
            buildForTesting = "YES"
            buildForRunning = "YES"
            buildForProfiling = "YES"
            buildForArchiving = "YES"
            buildForAnalyzing = "YES">
            <BuildableReference
               BuildableIdentifier = "primary"
               BlueprintIdentifier = "97C146ED1CF9000F007C117D"
               BuildableName = "Runner.app"
               BlueprintName = "Runner"
               ReferencedContainer = "container:Runner.xcodeproj">
            </BuildableReference>
         </BuildActionEntry>
      </BuildActionEntries>
   </BuildAction>
   <TestAction
      buildConfiguration = "Debug"
      selectedDebuggerIdentifier = "Xcode.DebuggerFoundation.Debugger.LLDB"
      selectedLauncherIdentifier = "Xcode.DebuggerFoundation.Launcher.LLDB"
      shouldUseLaunchSchemeArgsEnv = "YES">
      <MacroExpansion>
         <BuildableReference
            BuildableIdentifier = "primary"
            BlueprintIdentifier = "97C146ED1CF9000F007C117D"
            BuildableName = "Runner.app"
            BlueprintName = "Runner"
            ReferencedContainer = "container:Runner.xcodeproj">
         </BuildableReference>
      </MacroExpansion>
      <Testables>
      </Testables>
   </TestAction>
   <LaunchAction
      buildConfiguration = "Debug"
      selectedDebuggerIdentifier = "Xcode.DebuggerFoundation.Debugger.LLDB"
      selectedLauncherIdentifier = "Xcode.DebuggerFoundation.Launcher.LLDB"
      launchStyle = "0"
      useCustomWorkingDirectory = "NO"
      ignoresPersistentStateOnLaunch = "NO"
      debugDocumentVersioning = "YES"
      debugServiceExtension = "internal"
      allowLocationSimulation = "YES">
      <BuildableProductRunnable
         runnableDebuggingMode = "0">
         <BuildableReference
            BuildableIdentifier = "primary"
            BlueprintIdentifier = "97C146ED1CF9000F007C117D"
            BuildableName = "Runner.app"
            BlueprintName = "Runner"
            ReferencedContainer = "container:Runner.xcodeproj">
         </BuildableReference>
      </BuildableProductRunnable>
   </LaunchAction>
   <ProfileAction
      buildConfiguration = "Profile"
      shouldUseLaunchSchemeArgsEnv = "YES"
      savedToolIdentifier = ""
      useCustomWorkingDirectory = "NO"
      debugDocumentVersioning = "YES">
      <BuildableProductRunnable
         runnableDebuggingMode = "0">
         <BuildableReference
            BuildableIdentifier = "primary"
            BlueprintIdentifier = "97C146ED1CF9000F007C117D"
            BuildableName = "Runner.app"
            BlueprintName = "Runner"
            ReferencedContainer = "container:Runner.xcodeproj">
         </BuildableReference>
      </BuildableProductRunnable>
   </ProfileAction>
   <AnalyzeAction
      buildConfiguration = "Debug">
   </AnalyzeAction>
   <ArchiveAction
      buildConfiguration = "Release"
      revealArchiveInOrganizer = "YES">
   </ArchiveAction>
</Scheme>
